{
	"name": "bookpreview",
	"version": "0.0.1",
	"lockfileVersion": 3,
	"requires": true,
	"packages": {
		"": {
			"name": "bookpreview",
			"version": "0.0.1",
			"dependencies": {
				"@hapi/hapi": "^20.2.1",
				"@hapi/inert": "^7.1.0",
				"highlight.js": "^11.7.0",
				"marked": "^4.0.12",
				"mermaid": "^10.0.2",
				"plantuml-encoder": "^1.4.0"
			},
			"engines": {
				"node": ">=12.0.0",
				"npm": ">=8.6.0"
			}
		},
		"node_modules/@braintree/sanitize-url": {
			"version": "6.0.2",
			"resolved": "https://registry.npmmirror.com/@braintree/sanitize-url/-/sanitize-url-6.0.2.tgz",
			"integrity": "sha512-Tbsj02wXCbqGmzdnXNk0SOF19ChhRU70BsroIi4Pm6Ehp56in6vch94mfbdQ17DozxkL3BAVjbZ4Qc1a0HFRAg=="
		},
		"node_modules/@hapi/accept": {
			"version": "5.0.2",
			"resolved": "https://registry.npmmirror.com/@hapi/accept/-/accept-5.0.2.tgz",
			"integrity": "sha512-CmzBx/bXUR8451fnZRuZAJRlzgm0Jgu5dltTX/bszmR2lheb9BpyN47Q1RbaGTsvFzn0PXAEs+lXDKfshccYZw==",
			"dependencies": {
				"@hapi/boom": "9.x.x",
				"@hapi/hoek": "9.x.x"
			}
		},
		"node_modules/@hapi/ammo": {
			"version": "5.0.1",
			"resolved": "https://registry.npmmirror.com/@hapi/ammo/-/ammo-5.0.1.tgz",
			"integrity": "sha512-FbCNwcTbnQP4VYYhLNGZmA76xb2aHg9AMPiy18NZyWMG310P5KdFGyA9v2rm5ujrIny77dEEIkMOwl0Xv+fSSA==",
			"dependencies": {
				"@hapi/hoek": "9.x.x"
			}
		},
		"node_modules/@hapi/b64": {
			"version": "5.0.0",
			"resolved": "https://registry.npmmirror.com/@hapi/b64/-/b64-5.0.0.tgz",
			"integrity": "sha512-ngu0tSEmrezoiIaNGG6rRvKOUkUuDdf4XTPnONHGYfSGRmDqPZX5oJL6HAdKTo1UQHECbdB4OzhWrfgVppjHUw==",
			"dependencies": {
				"@hapi/hoek": "9.x.x"
			}
		},
		"node_modules/@hapi/boom": {
			"version": "9.1.4",
			"resolved": "https://registry.npmmirror.com/@hapi/boom/-/boom-9.1.4.tgz",
			"integrity": "sha512-Ls1oH8jaN1vNsqcaHVYJrKmgMcKsC1wcp8bujvXrHaAqD2iDYq3HoOwsxwo09Cuda5R5nC0o0IxlrlTuvPuzSw==",
			"dependencies": {
				"@hapi/hoek": "9.x.x"
			}
		},
		"node_modules/@hapi/bounce": {
			"version": "2.0.0",
			"resolved": "https://registry.npmmirror.com/@hapi/bounce/-/bounce-2.0.0.tgz",
			"integrity": "sha512-JesW92uyzOOyuzJKjoLHM1ThiOvHPOLDHw01YV8yh5nCso7sDwJho1h0Ad2N+E62bZyz46TG3xhAi/78Gsct6A==",
			"dependencies": {
				"@hapi/boom": "9.x.x",
				"@hapi/hoek": "9.x.x"
			}
		},
		"node_modules/@hapi/bourne": {
			"version": "2.1.0",
			"resolved": "https://registry.npmmirror.com/@hapi/bourne/-/bourne-2.1.0.tgz",
			"integrity": "sha512-i1BpaNDVLJdRBEKeJWkVO6tYX6DMFBuwMhSuWqLsY4ufeTKGVuV5rBsUhxPayXqnnWHgXUAmWK16H/ykO5Wj4Q=="
		},
		"node_modules/@hapi/call": {
			"version": "8.0.1",
			"resolved": "https://registry.npmmirror.com/@hapi/call/-/call-8.0.1.tgz",
			"integrity": "sha512-bOff6GTdOnoe5b8oXRV3lwkQSb/LAWylvDMae6RgEWWntd0SHtkYbQukDHKlfaYtVnSAgIavJ0kqszF/AIBb6g==",
			"dependencies": {
				"@hapi/boom": "9.x.x",
				"@hapi/hoek": "9.x.x"
			}
		},
		"node_modules/@hapi/catbox": {
			"version": "11.1.1",
			"resolved": "https://registry.npmmirror.com/@hapi/catbox/-/catbox-11.1.1.tgz",
			"integrity": "sha512-u/8HvB7dD/6X8hsZIpskSDo4yMKpHxFd7NluoylhGrL6cUfYxdQPnvUp9YU2C6F9hsyBVLGulBd9vBN1ebfXOQ==",
			"dependencies": {
				"@hapi/boom": "9.x.x",
				"@hapi/hoek": "9.x.x",
				"@hapi/podium": "4.x.x",
				"@hapi/validate": "1.x.x"
			}
		},
		"node_modules/@hapi/catbox-memory": {
			"version": "5.0.1",
			"resolved": "https://registry.npmmirror.com/@hapi/catbox-memory/-/catbox-memory-5.0.1.tgz",
			"integrity": "sha512-QWw9nOYJq5PlvChLWV8i6hQHJYfvdqiXdvTupJFh0eqLZ64Xir7mKNi96d5/ZMUAqXPursfNDIDxjFgoEDUqeQ==",
			"dependencies": {
				"@hapi/boom": "9.x.x",
				"@hapi/hoek": "9.x.x"
			}
		},
		"node_modules/@hapi/content": {
			"version": "5.0.2",
			"resolved": "https://registry.npmmirror.com/@hapi/content/-/content-5.0.2.tgz",
			"integrity": "sha512-mre4dl1ygd4ZyOH3tiYBrOUBzV7Pu/EOs8VLGf58vtOEECWed8Uuw6B4iR9AN/8uQt42tB04qpVaMyoMQh0oMw==",
			"dependencies": {
				"@hapi/boom": "9.x.x"
			}
		},
		"node_modules/@hapi/cryptiles": {
			"version": "5.1.0",
			"resolved": "https://registry.npmmirror.com/@hapi/cryptiles/-/cryptiles-5.1.0.tgz",
			"integrity": "sha512-fo9+d1Ba5/FIoMySfMqPBR/7Pa29J2RsiPrl7bkwo5W5o+AN1dAYQRi4SPrPwwVxVGKjgLOEWrsvt1BonJSfLA==",
			"dependencies": {
				"@hapi/boom": "9.x.x"
			},
			"engines": {
				"node": ">=12.0.0"
			}
		},
		"node_modules/@hapi/file": {
			"version": "2.0.0",
			"resolved": "https://registry.npmmirror.com/@hapi/file/-/file-2.0.0.tgz",
			"integrity": "sha512-WSrlgpvEqgPWkI18kkGELEZfXr0bYLtr16iIN4Krh9sRnzBZN6nnWxHFxtsnP684wueEySBbXPDg/WfA9xJdBQ=="
		},
		"node_modules/@hapi/hapi": {
			"version": "20.3.0",
			"resolved": "https://registry.npmmirror.com/@hapi/hapi/-/hapi-20.3.0.tgz",
			"integrity": "sha512-zvPSRvaQyF3S6Nev9aiAzko2/hIFZmNSJNcs07qdVaVAvj8dGJSV4fVUuQSnufYJAGiSau+U5LxMLhx79se5WA==",
			"dependencies": {
				"@hapi/accept": "^5.0.1",
				"@hapi/ammo": "^5.0.1",
				"@hapi/boom": "^9.1.0",
				"@hapi/bounce": "^2.0.0",
				"@hapi/call": "^8.0.0",
				"@hapi/catbox": "^11.1.1",
				"@hapi/catbox-memory": "^5.0.0",
				"@hapi/heavy": "^7.0.1",
				"@hapi/hoek": "^9.0.4",
				"@hapi/mimos": "^6.0.0",
				"@hapi/podium": "^4.1.1",
				"@hapi/shot": "^5.0.5",
				"@hapi/somever": "^3.0.0",
				"@hapi/statehood": "^7.0.3",
				"@hapi/subtext": "^7.1.0",
				"@hapi/teamwork": "^5.1.0",
				"@hapi/topo": "^5.0.0",
				"@hapi/validate": "^1.1.1"
			},
			"engines": {
				"node": ">=12.0.0"
			}
		},
		"node_modules/@hapi/heavy": {
			"version": "7.0.1",
			"resolved": "https://registry.npmmirror.com/@hapi/heavy/-/heavy-7.0.1.tgz",
			"integrity": "sha512-vJ/vzRQ13MtRzz6Qd4zRHWS3FaUc/5uivV2TIuExGTM9Qk+7Zzqj0e2G7EpE6KztO9SalTbiIkTh7qFKj/33cA==",
			"dependencies": {
				"@hapi/boom": "9.x.x",
				"@hapi/hoek": "9.x.x",
				"@hapi/validate": "1.x.x"
			}
		},
		"node_modules/@hapi/hoek": {
			"version": "9.3.0",
			"resolved": "https://registry.npmmirror.com/@hapi/hoek/-/hoek-9.3.0.tgz",
			"integrity": "sha512-/c6rf4UJlmHlC9b5BaNvzAcFv7HZ2QHaV0D4/HNlBdvFnvQq8RI4kYdhyPCl7Xj+oWvTWQ8ujhqS53LIgAe6KQ=="
		},
		"node_modules/@hapi/inert": {
			"version": "7.1.0",
			"resolved": "https://registry.npmmirror.com/@hapi/inert/-/inert-7.1.0.tgz",
			"integrity": "sha512-5X+cl/Ozm0U9uPGGX1dSKhnhTQIf161bH/kkTN9OBVAZKFG+nrj8j/NMj6S1zBBZWmQrkVRNPfCUGrXzB4fCFQ==",
			"dependencies": {
				"@hapi/ammo": "^6.0.1",
				"@hapi/boom": "^10.0.1",
				"@hapi/bounce": "^3.0.1",
				"@hapi/hoek": "^11.0.2",
				"@hapi/validate": "^2.0.1",
				"lru-cache": "^7.14.1"
			}
		},
		"node_modules/@hapi/inert/node_modules/@hapi/ammo": {
			"version": "6.0.1",
			"resolved": "https://registry.npmmirror.com/@hapi/ammo/-/ammo-6.0.1.tgz",
			"integrity": "sha512-pmL+nPod4g58kXrMcsGLp05O2jF4P2Q3GiL8qYV7nKYEh3cGf+rV4P5Jyi2Uq0agGhVU63GtaSAfBEZOlrJn9w==",
			"dependencies": {
				"@hapi/hoek": "^11.0.2"
			}
		},
		"node_modules/@hapi/inert/node_modules/@hapi/boom": {
			"version": "10.0.1",
			"resolved": "https://registry.npmmirror.com/@hapi/boom/-/boom-10.0.1.tgz",
			"integrity": "sha512-ERcCZaEjdH3OgSJlyjVk8pHIFeus91CjKP3v+MpgBNp5IvGzP2l/bRiD78nqYcKPaZdbKkK5vDBVPd2ohHBlsA==",
			"dependencies": {
				"@hapi/hoek": "^11.0.2"
			}
		},
		"node_modules/@hapi/inert/node_modules/@hapi/bounce": {
			"version": "3.0.1",
			"resolved": "https://registry.npmmirror.com/@hapi/bounce/-/bounce-3.0.1.tgz",
			"integrity": "sha512-G+/Pp9c1Ha4FDP+3Sy/Xwg2O4Ahaw3lIZFSX+BL4uWi64CmiETuZPxhKDUD4xBMOUZbBlzvO8HjiK8ePnhBadA==",
			"dependencies": {
				"@hapi/boom": "^10.0.1",
				"@hapi/hoek": "^11.0.2"
			}
		},
		"node_modules/@hapi/inert/node_modules/@hapi/hoek": {
			"version": "11.0.2",
			"resolved": "https://registry.npmmirror.com/@hapi/hoek/-/hoek-11.0.2.tgz",
			"integrity": "sha512-aKmlCO57XFZ26wso4rJsW4oTUnrgTFw2jh3io7CAtO9w4UltBNwRXvXIVzzyfkaaLRo3nluP/19msA8vDUUuKw=="
		},
		"node_modules/@hapi/inert/node_modules/@hapi/topo": {
			"version": "6.0.2",
			"resolved": "https://registry.npmmirror.com/@hapi/topo/-/topo-6.0.2.tgz",
			"integrity": "sha512-KR3rD5inZbGMrHmgPxsJ9dbi6zEK+C3ZwUwTa+eMwWLz7oijWUTWD2pMSNNYJAU6Qq+65NkxXjqHr/7LM2Xkqg==",
			"dependencies": {
				"@hapi/hoek": "^11.0.2"
			}
		},
		"node_modules/@hapi/inert/node_modules/@hapi/validate": {
			"version": "2.0.1",
			"resolved": "https://registry.npmmirror.com/@hapi/validate/-/validate-2.0.1.tgz",
			"integrity": "sha512-NZmXRnrSLK8MQ9y/CMqE9WSspgB9xA41/LlYR0k967aSZebWr4yNrpxIbov12ICwKy4APSlWXZga9jN5p6puPA==",
			"dependencies": {
				"@hapi/hoek": "^11.0.2",
				"@hapi/topo": "^6.0.1"
			}
		},
		"node_modules/@hapi/iron": {
			"version": "6.0.0",
			"resolved": "https://registry.npmmirror.com/@hapi/iron/-/iron-6.0.0.tgz",
			"integrity": "sha512-zvGvWDufiTGpTJPG1Y/McN8UqWBu0k/xs/7l++HVU535NLHXsHhy54cfEMdW7EjwKfbBfM9Xy25FmTiobb7Hvw==",
			"dependencies": {
				"@hapi/b64": "5.x.x",
				"@hapi/boom": "9.x.x",
				"@hapi/bourne": "2.x.x",
				"@hapi/cryptiles": "5.x.x",
				"@hapi/hoek": "9.x.x"
			}
		},
		"node_modules/@hapi/mimos": {
			"version": "6.0.0",
			"resolved": "https://registry.npmmirror.com/@hapi/mimos/-/mimos-6.0.0.tgz",
			"integrity": "sha512-Op/67tr1I+JafN3R3XN5DucVSxKRT/Tc+tUszDwENoNpolxeXkhrJ2Czt6B6AAqrespHoivhgZBWYSuANN9QXg==",
			"dependencies": {
				"@hapi/hoek": "9.x.x",
				"mime-db": "1.x.x"
			}
		},
		"node_modules/@hapi/nigel": {
			"version": "4.0.2",
			"resolved": "https://registry.npmmirror.com/@hapi/nigel/-/nigel-4.0.2.tgz",
			"integrity": "sha512-ht2KoEsDW22BxQOEkLEJaqfpoKPXxi7tvabXy7B/77eFtOyG5ZEstfZwxHQcqAiZhp58Ae5vkhEqI03kawkYNw==",
			"dependencies": {
				"@hapi/hoek": "^9.0.4",
				"@hapi/vise": "^4.0.0"
			},
			"engines": {
				"node": ">=12.0.0"
			}
		},
		"node_modules/@hapi/pez": {
			"version": "5.1.0",
			"resolved": "https://registry.npmmirror.com/@hapi/pez/-/pez-5.1.0.tgz",
			"integrity": "sha512-YfB0btnkLB3lb6Ry/1KifnMPBm5ZPfaAHWFskzOMAgDgXgcBgA+zjpIynyEiBfWEz22DBT8o1e2tAaBdlt8zbw==",
			"dependencies": {
				"@hapi/b64": "5.x.x",
				"@hapi/boom": "9.x.x",
				"@hapi/content": "^5.0.2",
				"@hapi/hoek": "9.x.x",
				"@hapi/nigel": "4.x.x"
			}
		},
		"node_modules/@hapi/podium": {
			"version": "4.1.3",
			"resolved": "https://registry.npmmirror.com/@hapi/podium/-/podium-4.1.3.tgz",
			"integrity": "sha512-ljsKGQzLkFqnQxE7qeanvgGj4dejnciErYd30dbrYzUOF/FyS/DOF97qcrT3bhoVwCYmxa6PEMhxfCPlnUcD2g==",
			"dependencies": {
				"@hapi/hoek": "9.x.x",
				"@hapi/teamwork": "5.x.x",
				"@hapi/validate": "1.x.x"
			}
		},
		"node_modules/@hapi/shot": {
			"version": "5.0.5",
			"resolved": "https://registry.npmmirror.com/@hapi/shot/-/shot-5.0.5.tgz",
			"integrity": "sha512-x5AMSZ5+j+Paa8KdfCoKh+klB78otxF+vcJR/IoN91Vo2e5ulXIW6HUsFTCU+4W6P/Etaip9nmdAx2zWDimB2A==",
			"dependencies": {
				"@hapi/hoek": "9.x.x",
				"@hapi/validate": "1.x.x"
			}
		},
		"node_modules/@hapi/somever": {
			"version": "3.0.1",
			"resolved": "https://registry.npmmirror.com/@hapi/somever/-/somever-3.0.1.tgz",
			"integrity": "sha512-4ZTSN3YAHtgpY/M4GOtHUXgi6uZtG9nEZfNI6QrArhK0XN/RDVgijlb9kOmXwCR5VclDSkBul9FBvhSuKXx9+w==",
			"dependencies": {
				"@hapi/bounce": "2.x.x",
				"@hapi/hoek": "9.x.x"
			}
		},
		"node_modules/@hapi/statehood": {
			"version": "7.0.4",
			"resolved": "https://registry.npmmirror.com/@hapi/statehood/-/statehood-7.0.4.tgz",
			"integrity": "sha512-Fia6atroOVmc5+2bNOxF6Zv9vpbNAjEXNcUbWXavDqhnJDlchwUUwKS5LCi5mGtCTxRhUKKHwuxuBZJkmLZ7fw==",
			"dependencies": {
				"@hapi/boom": "9.x.x",
				"@hapi/bounce": "2.x.x",
				"@hapi/bourne": "2.x.x",
				"@hapi/cryptiles": "5.x.x",
				"@hapi/hoek": "9.x.x",
				"@hapi/iron": "6.x.x",
				"@hapi/validate": "1.x.x"
			}
		},
		"node_modules/@hapi/subtext": {
			"version": "7.1.0",
			"resolved": "https://registry.npmmirror.com/@hapi/subtext/-/subtext-7.1.0.tgz",
			"integrity": "sha512-n94cU6hlvsNRIpXaROzBNEJGwxC+HA69q769pChzej84On8vsU14guHDub7Pphr/pqn5b93zV3IkMPDU5AUiXA==",
			"dependencies": {
				"@hapi/boom": "9.x.x",
				"@hapi/bourne": "2.x.x",
				"@hapi/content": "^5.0.2",
				"@hapi/file": "2.x.x",
				"@hapi/hoek": "9.x.x",
				"@hapi/pez": "^5.1.0",
				"@hapi/wreck": "17.x.x"
			}
		},
		"node_modules/@hapi/teamwork": {
			"version": "5.1.1",
			"resolved": "https://registry.npmmirror.com/@hapi/teamwork/-/teamwork-5.1.1.tgz",
			"integrity": "sha512-1oPx9AE5TIv+V6Ih54RP9lTZBso3rP8j4Xhb6iSVwPXtAM+sDopl5TFMv5Paw73UnpZJ9gjcrTE1BXrWt9eQrg==",
			"engines": {
				"node": ">=12.0.0"
			}
		},
		"node_modules/@hapi/topo": {
			"version": "5.1.0",
			"resolved": "https://registry.npmmirror.com/@hapi/topo/-/topo-5.1.0.tgz",
			"integrity": "sha512-foQZKJig7Ob0BMAYBfcJk8d77QtOe7Wo4ox7ff1lQYoNNAb6jwcY1ncdoy2e9wQZzvNy7ODZCYJkK8kzmcAnAg==",
			"dependencies": {
				"@hapi/hoek": "^9.0.0"
			}
		},
		"node_modules/@hapi/validate": {
			"version": "1.1.3",
			"resolved": "https://registry.npmmirror.com/@hapi/validate/-/validate-1.1.3.tgz",
			"integrity": "sha512-/XMR0N0wjw0Twzq2pQOzPBZlDzkekGcoCtzO314BpIEsbXdYGthQUbxgkGDf4nhk1+IPDAsXqWjMohRQYO06UA==",
			"dependencies": {
				"@hapi/hoek": "^9.0.0",
				"@hapi/topo": "^5.0.0"
			}
		},
		"node_modules/@hapi/vise": {
			"version": "4.0.0",
			"resolved": "https://registry.npmmirror.com/@hapi/vise/-/vise-4.0.0.tgz",
			"integrity": "sha512-eYyLkuUiFZTer59h+SGy7hUm+qE9p+UemePTHLlIWppEd+wExn3Df5jO04bFQTm7nleF5V8CtuYQYb+VFpZ6Sg==",
			"dependencies": {
				"@hapi/hoek": "9.x.x"
			}
		},
		"node_modules/@hapi/wreck": {
			"version": "17.2.0",
			"resolved": "https://registry.npmmirror.com/@hapi/wreck/-/wreck-17.2.0.tgz",
			"integrity": "sha512-pJ5kjYoRPYDv+eIuiLQqhGon341fr2bNIYZjuotuPJG/3Ilzr/XtI+JAp0A86E2bYfsS3zBPABuS2ICkaXFT8g==",
			"dependencies": {
				"@hapi/boom": "9.x.x",
				"@hapi/bourne": "2.x.x",
				"@hapi/hoek": "9.x.x"
			}
		},
		"node_modules/commander": {
			"version": "7.2.0",
			"resolved": "https://registry.npmmirror.com/commander/-/commander-7.2.0.tgz",
			"integrity": "sha512-QrWXB+ZQSVPmIWIhtEO9H+gwHaMGYiF5ChvoJ+K9ZGHG/sVsa6yiesAD1GC/x46sET00Xlwo1u49RVVVzvcSkw==",
			"engines": {
				"node": ">= 10"
			}
		},
		"node_modules/cose-base": {
			"version": "1.0.3",
			"resolved": "https://registry.npmmirror.com/cose-base/-/cose-base-1.0.3.tgz",
			"integrity": "sha512-s9whTXInMSgAp/NVXVNuVxVKzGH2qck3aQlVHxDCdAEPgtMKwc4Wq6/QKhgdEdgbLSi9rBTAcPoRa6JpiG4ksg==",
			"dependencies": {
				"layout-base": "^1.0.0"
			}
		},
		"node_modules/cytoscape": {
			"version": "3.23.0",
			"resolved": "https://registry.npmmirror.com/cytoscape/-/cytoscape-3.23.0.tgz",
			"integrity": "sha512-gRZqJj/1kiAVPkrVFvz/GccxsXhF3Qwpptl32gKKypO4IlqnKBjTOu+HbXtEggSGzC5KCaHp3/F7GgENrtsFkA==",
			"dependencies": {
				"heap": "^0.2.6",
				"lodash": "^4.17.21"
			},
			"engines": {
				"node": ">=0.10"
			}
		},
		"node_modules/cytoscape-cose-bilkent": {
			"version": "4.1.0",
			"resolved": "https://registry.npmmirror.com/cytoscape-cose-bilkent/-/cytoscape-cose-bilkent-4.1.0.tgz",
			"integrity": "sha512-wgQlVIUJF13Quxiv5e1gstZ08rnZj2XaLHGoFMYXz7SkNfCDOOteKBE6SYRfA9WxxI/iBc3ajfDoc6hb/MRAHQ==",
			"dependencies": {
				"cose-base": "^1.0.0"
			},
			"peerDependencies": {
				"cytoscape": "^3.2.0"
			}
		},
		"node_modules/cytoscape-fcose": {
			"version": "2.2.0",
			"resolved": "https://registry.npmmirror.com/cytoscape-fcose/-/cytoscape-fcose-2.2.0.tgz",
			"integrity": "sha512-ki1/VuRIHFCzxWNrsshHYPs6L7TvLu3DL+TyIGEsRcvVERmxokbf5Gdk7mFxZnTdiGtnA4cfSmjZJMviqSuZrQ==",
			"dependencies": {
				"cose-base": "^2.2.0"
			},
			"peerDependencies": {
				"cytoscape": "^3.2.0"
			}
		},
		"node_modules/cytoscape-fcose/node_modules/cose-base": {
			"version": "2.2.0",
			"resolved": "https://registry.npmmirror.com/cose-base/-/cose-base-2.2.0.tgz",
			"integrity": "sha512-AzlgcsCbUMymkADOJtQm3wO9S3ltPfYOFD5033keQn9NJzIbtnZj+UdBJe7DYml/8TdbtHJW3j58SOnKhWY/5g==",
			"dependencies": {
				"layout-base": "^2.0.0"
			}
		},
		"node_modules/cytoscape-fcose/node_modules/layout-base": {
			"version": "2.0.1",
			"resolved": "https://registry.npmmirror.com/layout-base/-/layout-base-2.0.1.tgz",
			"integrity": "sha512-dp3s92+uNI1hWIpPGH3jK2kxE2lMjdXdr+DH8ynZHpd6PUlH6x6cbuXnoMmiNumznqaNO31xu9e79F0uuZ0JFg=="
		},
		"node_modules/d3": {
			"version": "7.8.2",
			"resolved": "https://registry.npmmirror.com/d3/-/d3-7.8.2.tgz",
			"integrity": "sha512-WXty7qOGSHb7HR7CfOzwN1Gw04MUOzN8qh9ZUsvwycIMb4DYMpY9xczZ6jUorGtO6bR9BPMPaueIKwiDxu9uiQ==",
			"dependencies": {
				"d3-array": "3",
				"d3-axis": "3",
				"d3-brush": "3",
				"d3-chord": "3",
				"d3-color": "3",
				"d3-contour": "4",
				"d3-delaunay": "6",
				"d3-dispatch": "3",
				"d3-drag": "3",
				"d3-dsv": "3",
				"d3-ease": "3",
				"d3-fetch": "3",
				"d3-force": "3",
				"d3-format": "3",
				"d3-geo": "3",
				"d3-hierarchy": "3",
				"d3-interpolate": "3",
				"d3-path": "3",
				"d3-polygon": "3",
				"d3-quadtree": "3",
				"d3-random": "3",
				"d3-scale": "4",
				"d3-scale-chromatic": "3",
				"d3-selection": "3",
				"d3-shape": "3",
				"d3-time": "3",
				"d3-time-format": "4",
				"d3-timer": "3",
				"d3-transition": "3",
				"d3-zoom": "3"
			},
			"engines": {
				"node": ">=12"
			}
		},
		"node_modules/d3-array": {
			"version": "3.2.3",
			"resolved": "https://registry.npmmirror.com/d3-array/-/d3-array-3.2.3.tgz",
			"integrity": "sha512-JRHwbQQ84XuAESWhvIPaUV4/1UYTBOLiOPGWqgFDHZS1D5QN9c57FbH3QpEnQMYiOXNzKUQyGTZf+EVO7RT5TQ==",
			"dependencies": {
				"internmap": "1 - 2"
			},
			"engines": {
				"node": ">=12"
			}
		},
		"node_modules/d3-axis": {
			"version": "3.0.0",
			"resolved": "https://registry.npmmirror.com/d3-axis/-/d3-axis-3.0.0.tgz",
			"integrity": "sha512-IH5tgjV4jE/GhHkRV0HiVYPDtvfjHQlQfJHs0usq7M30XcSBvOotpmH1IgkcXsO/5gEQZD43B//fc7SRT5S+xw==",
			"engines": {
				"node": ">=12"
			}
		},
		"node_modules/d3-brush": {
			"version": "3.0.0",
			"resolved": "https://registry.npmmirror.com/d3-brush/-/d3-brush-3.0.0.tgz",
			"integrity": "sha512-ALnjWlVYkXsVIGlOsuWH1+3udkYFI48Ljihfnh8FZPF2QS9o+PzGLBslO0PjzVoHLZ2KCVgAM8NVkXPJB2aNnQ==",
			"dependencies": {
				"d3-dispatch": "1 - 3",
				"d3-drag": "2 - 3",
				"d3-interpolate": "1 - 3",
				"d3-selection": "3",
				"d3-transition": "3"
			},
			"engines": {
				"node": ">=12"
			}
		},
		"node_modules/d3-chord": {
			"version": "3.0.1",
			"resolved": "https://registry.npmmirror.com/d3-chord/-/d3-chord-3.0.1.tgz",
			"integrity": "sha512-VE5S6TNa+j8msksl7HwjxMHDM2yNK3XCkusIlpX5kwauBfXuyLAtNg9jCp/iHH61tgI4sb6R/EIMWCqEIdjT/g==",
			"dependencies": {
				"d3-path": "1 - 3"
			},
			"engines": {
				"node": ">=12"
			}
		},
		"node_modules/d3-color": {
			"version": "3.1.0",
			"resolved": "https://registry.npmmirror.com/d3-color/-/d3-color-3.1.0.tgz",
			"integrity": "sha512-zg/chbXyeBtMQ1LbD/WSoW2DpC3I0mpmPdW+ynRTj/x2DAWYrIY7qeZIHidozwV24m4iavr15lNwIwLxRmOxhA==",
			"engines": {
				"node": ">=12"
			}
		},
		"node_modules/d3-contour": {
			"version": "4.0.2",
			"resolved": "https://registry.npmmirror.com/d3-contour/-/d3-contour-4.0.2.tgz",
			"integrity": "sha512-4EzFTRIikzs47RGmdxbeUvLWtGedDUNkTcmzoeyg4sP/dvCexO47AaQL7VKy/gul85TOxw+IBgA8US2xwbToNA==",
			"dependencies": {
				"d3-array": "^3.2.0"
			},
			"engines": {
				"node": ">=12"
			}
		},
		"node_modules/d3-delaunay": {
			"version": "6.0.2",
			"resolved": "https://registry.npmmirror.com/d3-delaunay/-/d3-delaunay-6.0.2.tgz",
			"integrity": "sha512-IMLNldruDQScrcfT+MWnazhHbDJhcRJyOEBAJfwQnHle1RPh6WDuLvxNArUju2VSMSUuKlY5BGHRJ2cYyoFLQQ==",
			"dependencies": {
				"delaunator": "5"
			},
			"engines": {
				"node": ">=12"
			}
		},
		"node_modules/d3-dispatch": {
			"version": "3.0.1",
			"resolved": "https://registry.npmmirror.com/d3-dispatch/-/d3-dispatch-3.0.1.tgz",
			"integrity": "sha512-rzUyPU/S7rwUflMyLc1ETDeBj0NRuHKKAcvukozwhshr6g6c5d8zh4c2gQjY2bZ0dXeGLWc1PF174P2tVvKhfg==",
			"engines": {
				"node": ">=12"
			}
		},
		"node_modules/d3-drag": {
			"version": "3.0.0",
			"resolved": "https://registry.npmmirror.com/d3-drag/-/d3-drag-3.0.0.tgz",
			"integrity": "sha512-pWbUJLdETVA8lQNJecMxoXfH6x+mO2UQo8rSmZ+QqxcbyA3hfeprFgIT//HW2nlHChWeIIMwS2Fq+gEARkhTkg==",
			"dependencies": {
				"d3-dispatch": "1 - 3",
				"d3-selection": "3"
			},
			"engines": {
				"node": ">=12"
			}
		},
		"node_modules/d3-dsv": {
			"version": "3.0.1",
			"resolved": "https://registry.npmmirror.com/d3-dsv/-/d3-dsv-3.0.1.tgz",
			"integrity": "sha512-UG6OvdI5afDIFP9w4G0mNq50dSOsXHJaRE8arAS5o9ApWnIElp8GZw1Dun8vP8OyHOZ/QJUKUJwxiiCCnUwm+Q==",
			"dependencies": {
				"commander": "7",
				"iconv-lite": "0.6",
				"rw": "1"
			},
			"bin": {
				"csv2json": "bin/dsv2json.js",
				"csv2tsv": "bin/dsv2dsv.js",
				"dsv2dsv": "bin/dsv2dsv.js",
				"dsv2json": "bin/dsv2json.js",
				"json2csv": "bin/json2dsv.js",
				"json2dsv": "bin/json2dsv.js",
				"json2tsv": "bin/json2dsv.js",
				"tsv2csv": "bin/dsv2dsv.js",
				"tsv2json": "bin/dsv2json.js"
			},
			"engines": {
				"node": ">=12"
			}
		},
		"node_modules/d3-ease": {
			"version": "3.0.1",
			"resolved": "https://registry.npmmirror.com/d3-ease/-/d3-ease-3.0.1.tgz",
			"integrity": "sha512-wR/XK3D3XcLIZwpbvQwQ5fK+8Ykds1ip7A2Txe0yxncXSdq1L9skcG7blcedkOX+ZcgxGAmLX1FrRGbADwzi0w==",
			"engines": {
				"node": ">=12"
			}
		},
		"node_modules/d3-fetch": {
			"version": "3.0.1",
			"resolved": "https://registry.npmmirror.com/d3-fetch/-/d3-fetch-3.0.1.tgz",
			"integrity": "sha512-kpkQIM20n3oLVBKGg6oHrUchHM3xODkTzjMoj7aWQFq5QEM+R6E4WkzT5+tojDY7yjez8KgCBRoj4aEr99Fdqw==",
			"dependencies": {
				"d3-dsv": "1 - 3"
			},
			"engines": {
				"node": ">=12"
			}
		},
		"node_modules/d3-force": {
			"version": "3.0.0",
			"resolved": "https://registry.npmmirror.com/d3-force/-/d3-force-3.0.0.tgz",
			"integrity": "sha512-zxV/SsA+U4yte8051P4ECydjD/S+qeYtnaIyAs9tgHCqfguma/aAQDjo85A9Z6EKhBirHRJHXIgJUlffT4wdLg==",
			"dependencies": {
				"d3-dispatch": "1 - 3",
				"d3-quadtree": "1 - 3",
				"d3-timer": "1 - 3"
			},
			"engines": {
				"node": ">=12"
			}
		},
		"node_modules/d3-format": {
			"version": "3.1.0",
			"resolved": "https://registry.npmmirror.com/d3-format/-/d3-format-3.1.0.tgz",
			"integrity": "sha512-YyUI6AEuY/Wpt8KWLgZHsIU86atmikuoOmCfommt0LYHiQSPjvX2AcFc38PX0CBpr2RCyZhjex+NS/LPOv6YqA==",
			"engines": {
				"node": ">=12"
			}
		},
		"node_modules/d3-geo": {
			"version": "3.1.0",
			"resolved": "https://registry.npmmirror.com/d3-geo/-/d3-geo-3.1.0.tgz",
			"integrity": "sha512-JEo5HxXDdDYXCaWdwLRt79y7giK8SbhZJbFWXqbRTolCHFI5jRqteLzCsq51NKbUoX0PjBVSohxrx+NoOUujYA==",
			"dependencies": {
				"d3-array": "2.5.0 - 3"
			},
			"engines": {
				"node": ">=12"
			}
		},
		"node_modules/d3-hierarchy": {
			"version": "3.1.2",
			"resolved": "https://registry.npmmirror.com/d3-hierarchy/-/d3-hierarchy-3.1.2.tgz",
			"integrity": "sha512-FX/9frcub54beBdugHjDCdikxThEqjnR93Qt7PvQTOHxyiNCAlvMrHhclk3cD5VeAaq9fxmfRp+CnWw9rEMBuA==",
			"engines": {
				"node": ">=12"
			}
		},
		"node_modules/d3-interpolate": {
			"version": "3.0.1",
			"resolved": "https://registry.npmmirror.com/d3-interpolate/-/d3-interpolate-3.0.1.tgz",
			"integrity": "sha512-3bYs1rOD33uo8aqJfKP3JWPAibgw8Zm2+L9vBKEHJ2Rg+viTR7o5Mmv5mZcieN+FRYaAOWX5SJATX6k1PWz72g==",
			"dependencies": {
				"d3-color": "1 - 3"
			},
			"engines": {
				"node": ">=12"
			}
		},
		"node_modules/d3-path": {
			"version": "3.1.0",
			"resolved": "https://registry.npmmirror.com/d3-path/-/d3-path-3.1.0.tgz",
			"integrity": "sha512-p3KP5HCf/bvjBSSKuXid6Zqijx7wIfNW+J/maPs+iwR35at5JCbLUT0LzF1cnjbCHWhqzQTIN2Jpe8pRebIEFQ==",
			"engines": {
				"node": ">=12"
			}
		},
		"node_modules/d3-polygon": {
			"version": "3.0.1",
			"resolved": "https://registry.npmmirror.com/d3-polygon/-/d3-polygon-3.0.1.tgz",
			"integrity": "sha512-3vbA7vXYwfe1SYhED++fPUQlWSYTTGmFmQiany/gdbiWgU/iEyQzyymwL9SkJjFFuCS4902BSzewVGsHHmHtXg==",
			"engines": {
				"node": ">=12"
			}
		},
		"node_modules/d3-quadtree": {
			"version": "3.0.1",
			"resolved": "https://registry.npmmirror.com/d3-quadtree/-/d3-quadtree-3.0.1.tgz",
			"integrity": "sha512-04xDrxQTDTCFwP5H6hRhsRcb9xxv2RzkcsygFzmkSIOJy3PeRJP7sNk3VRIbKXcog561P9oU0/rVH6vDROAgUw==",
			"engines": {
				"node": ">=12"
			}
		},
		"node_modules/d3-random": {
			"version": "3.0.1",
			"resolved": "https://registry.npmmirror.com/d3-random/-/d3-random-3.0.1.tgz",
			"integrity": "sha512-FXMe9GfxTxqd5D6jFsQ+DJ8BJS4E/fT5mqqdjovykEB2oFbTMDVdg1MGFxfQW+FBOGoB++k8swBrgwSHT1cUXQ==",
			"engines": {
				"node": ">=12"
			}
		},
		"node_modules/d3-scale": {
			"version": "4.0.2",
			"resolved": "https://registry.npmmirror.com/d3-scale/-/d3-scale-4.0.2.tgz",
			"integrity": "sha512-GZW464g1SH7ag3Y7hXjf8RoUuAFIqklOAq3MRl4OaWabTFJY9PN/E1YklhXLh+OQ3fM9yS2nOkCoS+WLZ6kvxQ==",
			"dependencies": {
				"d3-array": "2.10.0 - 3",
				"d3-format": "1 - 3",
				"d3-interpolate": "1.2.0 - 3",
				"d3-time": "2.1.1 - 3",
				"d3-time-format": "2 - 4"
			},
			"engines": {
				"node": ">=12"
			}
		},
		"node_modules/d3-scale-chromatic": {
			"version": "3.0.0",
			"resolved": "https://registry.npmmirror.com/d3-scale-chromatic/-/d3-scale-chromatic-3.0.0.tgz",
			"integrity": "sha512-Lx9thtxAKrO2Pq6OO2Ua474opeziKr279P/TKZsMAhYyNDD3EnCffdbgeSYN5O7m2ByQsxtuP2CSDczNUIZ22g==",
			"dependencies": {
				"d3-color": "1 - 3",
				"d3-interpolate": "1 - 3"
			},
			"engines": {
				"node": ">=12"
			}
		},
		"node_modules/d3-selection": {
			"version": "3.0.0",
			"resolved": "https://registry.npmmirror.com/d3-selection/-/d3-selection-3.0.0.tgz",
			"integrity": "sha512-fmTRWbNMmsmWq6xJV8D19U/gw/bwrHfNXxrIN+HfZgnzqTHp9jOmKMhsTUjXOJnZOdZY9Q28y4yebKzqDKlxlQ==",
			"engines": {
				"node": ">=12"
			}
		},
		"node_modules/d3-shape": {
			"version": "3.2.0",
			"resolved": "https://registry.npmmirror.com/d3-shape/-/d3-shape-3.2.0.tgz",
			"integrity": "sha512-SaLBuwGm3MOViRq2ABk3eLoxwZELpH6zhl3FbAoJ7Vm1gofKx6El1Ib5z23NUEhF9AsGl7y+dzLe5Cw2AArGTA==",
			"dependencies": {
				"d3-path": "^3.1.0"
			},
			"engines": {
				"node": ">=12"
			}
		},
		"node_modules/d3-time": {
			"version": "3.1.0",
			"resolved": "https://registry.npmmirror.com/d3-time/-/d3-time-3.1.0.tgz",
			"integrity": "sha512-VqKjzBLejbSMT4IgbmVgDjpkYrNWUYJnbCGo874u7MMKIWsILRX+OpX/gTk8MqjpT1A/c6HY2dCA77ZN0lkQ2Q==",
			"dependencies": {
				"d3-array": "2 - 3"
			},
			"engines": {
				"node": ">=12"
			}
		},
		"node_modules/d3-time-format": {
			"version": "4.1.0",
			"resolved": "https://registry.npmmirror.com/d3-time-format/-/d3-time-format-4.1.0.tgz",
			"integrity": "sha512-dJxPBlzC7NugB2PDLwo9Q8JiTR3M3e4/XANkreKSUxF8vvXKqm1Yfq4Q5dl8budlunRVlUUaDUgFt7eA8D6NLg==",
			"dependencies": {
				"d3-time": "1 - 3"
			},
			"engines": {
				"node": ">=12"
			}
		},
		"node_modules/d3-timer": {
			"version": "3.0.1",
			"resolved": "https://registry.npmmirror.com/d3-timer/-/d3-timer-3.0.1.tgz",
			"integrity": "sha512-ndfJ/JxxMd3nw31uyKoY2naivF+r29V+Lc0svZxe1JvvIRmi8hUsrMvdOwgS1o6uBHmiz91geQ0ylPP0aj1VUA==",
			"engines": {
				"node": ">=12"
			}
		},
		"node_modules/d3-transition": {
			"version": "3.0.1",
			"resolved": "https://registry.npmmirror.com/d3-transition/-/d3-transition-3.0.1.tgz",
			"integrity": "sha512-ApKvfjsSR6tg06xrL434C0WydLr7JewBB3V+/39RMHsaXTOG0zmt/OAXeng5M5LBm0ojmxJrpomQVZ1aPvBL4w==",
			"dependencies": {
				"d3-color": "1 - 3",
				"d3-dispatch": "1 - 3",
				"d3-ease": "1 - 3",
				"d3-interpolate": "1 - 3",
				"d3-timer": "1 - 3"
			},
			"engines": {
				"node": ">=12"
			},
			"peerDependencies": {
				"d3-selection": "2 - 3"
			}
		},
		"node_modules/d3-zoom": {
			"version": "3.0.0",
			"resolved": "https://registry.npmmirror.com/d3-zoom/-/d3-zoom-3.0.0.tgz",
			"integrity": "sha512-b8AmV3kfQaqWAuacbPuNbL6vahnOJflOhexLzMMNLga62+/nh0JzvJ0aO/5a5MVgUFGS7Hu1P9P03o3fJkDCyw==",
			"dependencies": {
				"d3-dispatch": "1 - 3",
				"d3-drag": "2 - 3",
				"d3-interpolate": "1 - 3",
				"d3-selection": "2 - 3",
				"d3-transition": "2 - 3"
			},
			"engines": {
				"node": ">=12"
			}
		},
		"node_modules/dagre-d3-es": {
			"version": "7.0.9",
			"resolved": "https://registry.npmmirror.com/dagre-d3-es/-/dagre-d3-es-7.0.9.tgz",
			"integrity": "sha512-rYR4QfVmy+sR44IBDvVtcAmOReGBvRCWDpO2QjYwqgh9yijw6eSHBqaPG/LIOEy7aBsniLvtMW6pg19qJhq60w==",
			"dependencies": {
				"d3": "^7.8.2",
				"lodash-es": "^4.17.21"
			}
		},
		"node_modules/dayjs": {
			"version": "1.11.7",
			"resolved": "https://registry.npmmirror.com/dayjs/-/dayjs-1.11.7.tgz",
			"integrity": "sha512-+Yw9U6YO5TQohxLcIkrXBeY73WP3ejHWVvx8XCk3gxvQDCTEmS48ZrSZCKciI7Bhl/uCMyxYtE9UqRILmFphkQ=="
		},
		"node_modules/delaunator": {
			"version": "5.0.0",
			"resolved": "https://registry.npmmirror.com/delaunator/-/delaunator-5.0.0.tgz",
			"integrity": "sha512-AyLvtyJdbv/U1GkiS6gUUzclRoAY4Gs75qkMygJJhU75LW4DNuSF2RMzpxs9jw9Oz1BobHjTdkG3zdP55VxAqw==",
			"dependencies": {
				"robust-predicates": "^3.0.0"
			}
		},
		"node_modules/dompurify": {
			"version": "2.4.3",
			"resolved": "https://registry.npmmirror.com/dompurify/-/dompurify-2.4.3.tgz",
			"integrity": "sha512-q6QaLcakcRjebxjg8/+NP+h0rPfatOgOzc46Fst9VAA3jF2ApfKBNKMzdP4DYTqtUMXSCd5pRS/8Po/OmoCHZQ=="
		},
		"node_modules/elkjs": {
			"version": "0.8.2",
			"resolved": "https://registry.npmmirror.com/elkjs/-/elkjs-0.8.2.tgz",
			"integrity": "sha512-L6uRgvZTH+4OF5NE/MBbzQx/WYpru1xCBE9respNj6qznEewGUIfhzmm7horWWxbNO2M0WckQypGctR8lH79xQ=="
		},
		"node_modules/heap": {
			"version": "0.2.7",
			"resolved": "https://registry.npmmirror.com/heap/-/heap-0.2.7.tgz",
			"integrity": "sha512-2bsegYkkHO+h/9MGbn6KWcE45cHZgPANo5LXF7EvWdT0yT2EguSVO1nDgU5c8+ZOPwp2vMNa7YFsJhVcDR9Sdg=="
		},
		"node_modules/highlight.js": {
			"version": "11.7.0",
			"resolved": "https://registry.npmmirror.com/highlight.js/-/highlight.js-11.7.0.tgz",
			"integrity": "sha512-1rRqesRFhMO/PRF+G86evnyJkCgaZFOI+Z6kdj15TA18funfoqJXvgPCLSf0SWq3SRfg1j3HlDs8o4s3EGq1oQ==",
			"engines": {
				"node": ">=12.0.0"
			}
		},
		"node_modules/iconv-lite": {
			"version": "0.6.3",
			"resolved": "https://registry.npmmirror.com/iconv-lite/-/iconv-lite-0.6.3.tgz",
			"integrity": "sha512-4fCk79wshMdzMp2rH06qWrJE4iolqLhCUH+OiuIgU++RB0+94NlDL81atO7GX55uUKueo0txHNtvEyI6D7WdMw==",
			"dependencies": {
				"safer-buffer": ">= 2.1.2 < 3.0.0"
			},
			"engines": {
				"node": ">=0.10.0"
			}
		},
		"node_modules/internmap": {
			"version": "2.0.3",
			"resolved": "https://registry.npmmirror.com/internmap/-/internmap-2.0.3.tgz",
			"integrity": "sha512-5Hh7Y1wQbvY5ooGgPbDaL5iYLAPzMTUrjMulskHLH6wnv/A+1q5rgEaiuqEjB+oxGXIVZs1FF+R/KPN3ZSQYYg==",
			"engines": {
				"node": ">=12"
			}
		},
		"node_modules/khroma": {
			"version": "2.0.0",
			"resolved": "https://registry.npmmirror.com/khroma/-/khroma-2.0.0.tgz",
			"integrity": "sha512-2J8rDNlQWbtiNYThZRvmMv5yt44ZakX+Tz5ZIp/mN1pt4snn+m030Va5Z4v8xA0cQFDXBwO/8i42xL4QPsVk3g=="
		},
		"node_modules/layout-base": {
			"version": "1.0.2",
			"resolved": "https://registry.npmmirror.com/layout-base/-/layout-base-1.0.2.tgz",
			"integrity": "sha512-8h2oVEZNktL4BH2JCOI90iD1yXwL6iNW7KcCKT2QZgQJR2vbqDsldCTPRU9NifTCqHZci57XvQQ15YTu+sTYPg=="
		},
		"node_modules/lodash": {
			"version": "4.17.21",
			"resolved": "https://registry.npmmirror.com/lodash/-/lodash-4.17.21.tgz",
			"integrity": "sha512-v2kDEe57lecTulaDIuNTPy3Ry4gLGJ6Z1O3vE1krgXZNrsQ+LFTGHVxVjcXPs17LhbZVGedAJv8XZ1tvj5FvSg=="
		},
		"node_modules/lodash-es": {
			"version": "4.17.21",
			"resolved": "https://registry.npmmirror.com/lodash-es/-/lodash-es-4.17.21.tgz",
			"integrity": "sha512-mKnC+QJ9pWVzv+C4/U3rRsHapFfHvQFoFB92e52xeyGMcX6/OlIl78je1u8vePzYZSkkogMPJ2yjxxsb89cxyw=="
		},
		"node_modules/lru-cache": {
			"version": "7.18.3",
			"resolved": "https://registry.npmmirror.com/lru-cache/-/lru-cache-7.18.3.tgz",
			"integrity": "sha512-jumlc0BIUrS3qJGgIkWZsyfAM7NCWiBcCDhnd+3NNM5KbBmLTgHVfWBcg6W+rLUsIpzpERPsvwUP7CckAQSOoA==",
			"engines": {
				"node": ">=12"
			}
		},
		"node_modules/marked": {
			"version": "4.2.12",
			"resolved": "https://registry.npmmirror.com/marked/-/marked-4.2.12.tgz",
			"integrity": "sha512-yr8hSKa3Fv4D3jdZmtMMPghgVt6TWbk86WQaWhDloQjRSQhMMYCAro7jP7VDJrjjdV8pxVxMssXS8B8Y5DZ5aw==",
			"bin": {
				"marked": "bin/marked.js"
			},
			"engines": {
				"node": ">= 12"
			}
		},
		"node_modules/mermaid": {
			"version": "10.0.2",
			"resolved": "https://registry.npmmirror.com/mermaid/-/mermaid-10.0.2.tgz",
			"integrity": "sha512-slwoB9WdNUT+/W9VhxLYRLZ0Ey12fIE+cAZjm3FmHTD+0F1uoJETfsNbVS1POnvQZhFYzfT6/z6hJZXgecqVBA==",
			"dependencies": {
				"@braintree/sanitize-url": "^6.0.0",
				"cytoscape": "^3.23.0",
				"cytoscape-cose-bilkent": "^4.1.0",
				"cytoscape-fcose": "^2.1.0",
				"d3": "^7.4.0",
				"dagre-d3-es": "7.0.9",
				"dayjs": "^1.11.7",
				"dompurify": "2.4.3",
				"elkjs": "^0.8.2",
				"khroma": "^2.0.0",
				"lodash-es": "^4.17.21",
				"non-layered-tidy-tree-layout": "^2.0.2",
				"stylis": "^4.1.2",
				"ts-dedent": "^2.2.0",
				"uuid": "^9.0.0",
				"web-worker": "^1.2.0"
			}
		},
		"node_modules/mime-db": {
			"version": "1.52.0",
			"resolved": "https://registry.npmmirror.com/mime-db/-/mime-db-1.52.0.tgz",
			"integrity": "sha512-sPU4uV7dYlvtWJxwwxHD0PuihVNiE7TyAbQ5SWxDCB9mUYvOgroQOwYQQOKPJ8CIbE+1ETVlOoK1UC2nU3gYvg==",
			"engines": {
				"node": ">= 0.6"
			}
		},
		"node_modules/non-layered-tidy-tree-layout": {
			"version": "2.0.2",
			"resolved": "https://registry.npmmirror.com/non-layered-tidy-tree-layout/-/non-layered-tidy-tree-layout-2.0.2.tgz",
			"integrity": "sha512-gkXMxRzUH+PB0ax9dUN0yYF0S25BqeAYqhgMaLUFmpXLEk7Fcu8f4emJuOAY0V8kjDICxROIKsTAKsV/v355xw=="
		},
		"node_modules/plantuml-encoder": {
			"version": "1.4.0",
			"resolved": "https://registry.npmmirror.com/plantuml-encoder/-/plantuml-encoder-1.4.0.tgz",
			"integrity": "sha512-sxMwpDw/ySY1WB2CE3+IdMuEcWibJ72DDOsXLkSmEaSzwEUaYBT6DWgOfBiHGCux4q433X6+OEFWjlVqp7gL6g=="
		},
		"node_modules/robust-predicates": {
			"version": "3.0.1",
			"resolved": "https://registry.npmmirror.com/robust-predicates/-/robust-predicates-3.0.1.tgz",
			"integrity": "sha512-ndEIpszUHiG4HtDsQLeIuMvRsDnn8c8rYStabochtUeCvfuvNptb5TUbVD68LRAILPX7p9nqQGh4xJgn3EHS/g=="
		},
		"node_modules/rw": {
			"version": "1.3.3",
			"resolved": "https://registry.npmmirror.com/rw/-/rw-1.3.3.tgz",
			"integrity": "sha512-PdhdWy89SiZogBLaw42zdeqtRJ//zFd2PgQavcICDUgJT5oW10QCRKbJ6bg4r0/UY2M6BWd5tkxuGFRvCkgfHQ=="
		},
		"node_modules/safer-buffer": {
			"version": "2.1.2",
			"resolved": "https://registry.npmmirror.com/safer-buffer/-/safer-buffer-2.1.2.tgz",
			"integrity": "sha512-YZo3K82SD7Riyi0E1EQPojLz7kpepnSQI9IyPbHHg1XXXevb5dJI7tpyN2ADxGcQbHG7vcyRHk0cbwqcQriUtg=="
		},
		"node_modules/stylis": {
			"version": "4.1.3",
			"resolved": "https://registry.npmmirror.com/stylis/-/stylis-4.1.3.tgz",
			"integrity": "sha512-GP6WDNWf+o403jrEp9c5jibKavrtLW+/qYGhFxFrG8maXhwTBI7gLLhiBb0o7uFccWN+EOS9aMO6cGHWAO07OA=="
		},
		"node_modules/ts-dedent": {
			"version": "2.2.0",
			"resolved": "https://registry.npmmirror.com/ts-dedent/-/ts-dedent-2.2.0.tgz",
			"integrity": "sha512-q5W7tVM71e2xjHZTlgfTDoPF/SmqKG5hddq9SzR49CH2hayqRKJtQ4mtRlSxKaJlR/+9rEM+mnBHf7I2/BQcpQ==",
			"engines": {
				"node": ">=6.10"
			}
		},
		"node_modules/uuid": {
			"version": "9.0.0",
			"resolved": "https://registry.npmmirror.com/uuid/-/uuid-9.0.0.tgz",
			"integrity": "sha512-MXcSTerfPa4uqyzStbRoTgt5XIe3x5+42+q1sDuy3R5MDk66URdLMOZe5aPX/SQd+kuYAh0FdP/pO28IkQyTeg==",
			"bin": {
				"uuid": "dist/bin/uuid"
			}
		},
		"node_modules/web-worker": {
			"version": "1.2.0",
			"resolved": "https://registry.npmmirror.com/web-worker/-/web-worker-1.2.0.tgz",
			"integrity": "sha512-PgF341avzqyx60neE9DD+XS26MMNMoUQRz9NOZwW32nPQrF6p77f1htcnjBSEV8BGMKZ16choqUG4hyI0Hx7mA=="
		}
	}
}
