lockfileVersion: '6.0'

settings:
  autoInstallPeers: true
  excludeLinksFromLockfile: false

dependencies:
  '@hapi/hapi':
    specifier: ^20.2.1
    version: registry.npmmirror.com/@hapi/hapi@20.3.0
  '@hapi/inert':
    specifier: ^7.1.0
    version: registry.npmmirror.com/@hapi/inert@7.1.0
  '@hapi/wreck':
    specifier: ^18.0.1
    version: registry.npmmirror.com/@hapi/wreck@18.0.1
  cheerio:
    specifier: ^1.0.0-rc.12
    version: registry.npmmirror.com/cheerio@1.0.0-rc.12
  highlight.js:
    specifier: ^11.7.0
    version: registry.npmmirror.com/highlight.js@11.8.0
  katex:
    specifier: ^0.16.4
    version: registry.npmmirror.com/katex@0.16.8
  marked:
    specifier: ^4.0.12
    version: registry.npmmirror.com/marked@4.3.0
  mime-types:
    specifier: ^2.1.35
    version: registry.npmmirror.com/mime-types@2.1.35
  plantuml-encoder:
    specifier: ^1.4.0
    version: registry.npmmirror.com/plantuml-encoder@1.4.0

packages:

  registry.npmmirror.com/@hapi/accept@5.0.2:
    resolution: {integrity: sha512-CmzBx/bXUR8451fnZRuZAJRlzgm0Jgu5dltTX/bszmR2lheb9BpyN47Q1RbaGTsvFzn0PXAEs+lXDKfshccYZw==, registry: https://registry.npm.taobao.org/, tarball: https://registry.npmmirror.com/@hapi/accept/-/accept-5.0.2.tgz}
    name: '@hapi/accept'
    version: 5.0.2
    dependencies:
      '@hapi/boom': registry.npmmirror.com/@hapi/boom@9.1.4
      '@hapi/hoek': registry.npmmirror.com/@hapi/hoek@9.3.0
    dev: false

  registry.npmmirror.com/@hapi/ammo@5.0.1:
    resolution: {integrity: sha512-FbCNwcTbnQP4VYYhLNGZmA76xb2aHg9AMPiy18NZyWMG310P5KdFGyA9v2rm5ujrIny77dEEIkMOwl0Xv+fSSA==, registry: https://registry.npm.taobao.org/, tarball: https://registry.npmmirror.com/@hapi/ammo/-/ammo-5.0.1.tgz}
    name: '@hapi/ammo'
    version: 5.0.1
    dependencies:
      '@hapi/hoek': registry.npmmirror.com/@hapi/hoek@9.3.0
    dev: false

  registry.npmmirror.com/@hapi/ammo@6.0.1:
    resolution: {integrity: sha512-pmL+nPod4g58kXrMcsGLp05O2jF4P2Q3GiL8qYV7nKYEh3cGf+rV4P5Jyi2Uq0agGhVU63GtaSAfBEZOlrJn9w==, registry: https://registry.npm.taobao.org/, tarball: https://registry.npmmirror.com/@hapi/ammo/-/ammo-6.0.1.tgz}
    name: '@hapi/ammo'
    version: 6.0.1
    dependencies:
      '@hapi/hoek': registry.npmmirror.com/@hapi/hoek@11.0.2
    dev: false

  registry.npmmirror.com/@hapi/b64@5.0.0:
    resolution: {integrity: sha512-ngu0tSEmrezoiIaNGG6rRvKOUkUuDdf4XTPnONHGYfSGRmDqPZX5oJL6HAdKTo1UQHECbdB4OzhWrfgVppjHUw==, registry: https://registry.npm.taobao.org/, tarball: https://registry.npmmirror.com/@hapi/b64/-/b64-5.0.0.tgz}
    name: '@hapi/b64'
    version: 5.0.0
    dependencies:
      '@hapi/hoek': registry.npmmirror.com/@hapi/hoek@9.3.0
    dev: false

  registry.npmmirror.com/@hapi/boom@10.0.1:
    resolution: {integrity: sha512-ERcCZaEjdH3OgSJlyjVk8pHIFeus91CjKP3v+MpgBNp5IvGzP2l/bRiD78nqYcKPaZdbKkK5vDBVPd2ohHBlsA==, registry: https://registry.npm.taobao.org/, tarball: https://registry.npmmirror.com/@hapi/boom/-/boom-10.0.1.tgz}
    name: '@hapi/boom'
    version: 10.0.1
    dependencies:
      '@hapi/hoek': registry.npmmirror.com/@hapi/hoek@11.0.2
    dev: false

  registry.npmmirror.com/@hapi/boom@9.1.4:
    resolution: {integrity: sha512-Ls1oH8jaN1vNsqcaHVYJrKmgMcKsC1wcp8bujvXrHaAqD2iDYq3HoOwsxwo09Cuda5R5nC0o0IxlrlTuvPuzSw==, registry: https://registry.npm.taobao.org/, tarball: https://registry.npmmirror.com/@hapi/boom/-/boom-9.1.4.tgz}
    name: '@hapi/boom'
    version: 9.1.4
    dependencies:
      '@hapi/hoek': registry.npmmirror.com/@hapi/hoek@9.3.0
    dev: false

  registry.npmmirror.com/@hapi/bounce@2.0.0:
    resolution: {integrity: sha512-JesW92uyzOOyuzJKjoLHM1ThiOvHPOLDHw01YV8yh5nCso7sDwJho1h0Ad2N+E62bZyz46TG3xhAi/78Gsct6A==, registry: https://registry.npm.taobao.org/, tarball: https://registry.npmmirror.com/@hapi/bounce/-/bounce-2.0.0.tgz}
    name: '@hapi/bounce'
    version: 2.0.0
    dependencies:
      '@hapi/boom': registry.npmmirror.com/@hapi/boom@9.1.4
      '@hapi/hoek': registry.npmmirror.com/@hapi/hoek@9.3.0
    dev: false

  registry.npmmirror.com/@hapi/bounce@3.0.1:
    resolution: {integrity: sha512-G+/Pp9c1Ha4FDP+3Sy/Xwg2O4Ahaw3lIZFSX+BL4uWi64CmiETuZPxhKDUD4xBMOUZbBlzvO8HjiK8ePnhBadA==, registry: https://registry.npm.taobao.org/, tarball: https://registry.npmmirror.com/@hapi/bounce/-/bounce-3.0.1.tgz}
    name: '@hapi/bounce'
    version: 3.0.1
    dependencies:
      '@hapi/boom': registry.npmmirror.com/@hapi/boom@10.0.1
      '@hapi/hoek': registry.npmmirror.com/@hapi/hoek@11.0.2
    dev: false

  registry.npmmirror.com/@hapi/bourne@2.1.0:
    resolution: {integrity: sha512-i1BpaNDVLJdRBEKeJWkVO6tYX6DMFBuwMhSuWqLsY4ufeTKGVuV5rBsUhxPayXqnnWHgXUAmWK16H/ykO5Wj4Q==, registry: https://registry.npm.taobao.org/, tarball: https://registry.npmmirror.com/@hapi/bourne/-/bourne-2.1.0.tgz}
    name: '@hapi/bourne'
    version: 2.1.0
    dev: false

  registry.npmmirror.com/@hapi/bourne@3.0.0:
    resolution: {integrity: sha512-Waj1cwPXJDucOib4a3bAISsKJVb15MKi9IvmTI/7ssVEm6sywXGjVJDhl6/umt1pK1ZS7PacXU3A1PmFKHEZ2w==, registry: https://registry.npm.taobao.org/, tarball: https://registry.npmmirror.com/@hapi/bourne/-/bourne-3.0.0.tgz}
    name: '@hapi/bourne'
    version: 3.0.0
    dev: false

  registry.npmmirror.com/@hapi/call@8.0.1:
    resolution: {integrity: sha512-bOff6GTdOnoe5b8oXRV3lwkQSb/LAWylvDMae6RgEWWntd0SHtkYbQukDHKlfaYtVnSAgIavJ0kqszF/AIBb6g==, registry: https://registry.npm.taobao.org/, tarball: https://registry.npmmirror.com/@hapi/call/-/call-8.0.1.tgz}
    name: '@hapi/call'
    version: 8.0.1
    dependencies:
      '@hapi/boom': registry.npmmirror.com/@hapi/boom@9.1.4
      '@hapi/hoek': registry.npmmirror.com/@hapi/hoek@9.3.0
    dev: false

  registry.npmmirror.com/@hapi/catbox-memory@5.0.1:
    resolution: {integrity: sha512-QWw9nOYJq5PlvChLWV8i6hQHJYfvdqiXdvTupJFh0eqLZ64Xir7mKNi96d5/ZMUAqXPursfNDIDxjFgoEDUqeQ==, registry: https://registry.npm.taobao.org/, tarball: https://registry.npmmirror.com/@hapi/catbox-memory/-/catbox-memory-5.0.1.tgz}
    name: '@hapi/catbox-memory'
    version: 5.0.1
    dependencies:
      '@hapi/boom': registry.npmmirror.com/@hapi/boom@9.1.4
      '@hapi/hoek': registry.npmmirror.com/@hapi/hoek@9.3.0
    dev: false

  registry.npmmirror.com/@hapi/catbox@11.1.1:
    resolution: {integrity: sha512-u/8HvB7dD/6X8hsZIpskSDo4yMKpHxFd7NluoylhGrL6cUfYxdQPnvUp9YU2C6F9hsyBVLGulBd9vBN1ebfXOQ==, registry: https://registry.npm.taobao.org/, tarball: https://registry.npmmirror.com/@hapi/catbox/-/catbox-11.1.1.tgz}
    name: '@hapi/catbox'
    version: 11.1.1
    dependencies:
      '@hapi/boom': registry.npmmirror.com/@hapi/boom@9.1.4
      '@hapi/hoek': registry.npmmirror.com/@hapi/hoek@9.3.0
      '@hapi/podium': registry.npmmirror.com/@hapi/podium@4.1.3
      '@hapi/validate': registry.npmmirror.com/@hapi/validate@1.1.3
    dev: false

  registry.npmmirror.com/@hapi/content@5.0.2:
    resolution: {integrity: sha512-mre4dl1ygd4ZyOH3tiYBrOUBzV7Pu/EOs8VLGf58vtOEECWed8Uuw6B4iR9AN/8uQt42tB04qpVaMyoMQh0oMw==, registry: https://registry.npm.taobao.org/, tarball: https://registry.npmmirror.com/@hapi/content/-/content-5.0.2.tgz}
    name: '@hapi/content'
    version: 5.0.2
    dependencies:
      '@hapi/boom': registry.npmmirror.com/@hapi/boom@9.1.4
    dev: false

  registry.npmmirror.com/@hapi/cryptiles@5.1.0:
    resolution: {integrity: sha512-fo9+d1Ba5/FIoMySfMqPBR/7Pa29J2RsiPrl7bkwo5W5o+AN1dAYQRi4SPrPwwVxVGKjgLOEWrsvt1BonJSfLA==, registry: https://registry.npm.taobao.org/, tarball: https://registry.npmmirror.com/@hapi/cryptiles/-/cryptiles-5.1.0.tgz}
    name: '@hapi/cryptiles'
    version: 5.1.0
    engines: {node: '>=12.0.0'}
    dependencies:
      '@hapi/boom': registry.npmmirror.com/@hapi/boom@9.1.4
    dev: false

  registry.npmmirror.com/@hapi/file@2.0.0:
    resolution: {integrity: sha512-WSrlgpvEqgPWkI18kkGELEZfXr0bYLtr16iIN4Krh9sRnzBZN6nnWxHFxtsnP684wueEySBbXPDg/WfA9xJdBQ==, registry: https://registry.npm.taobao.org/, tarball: https://registry.npmmirror.com/@hapi/file/-/file-2.0.0.tgz}
    name: '@hapi/file'
    version: 2.0.0
    dev: false

  registry.npmmirror.com/@hapi/hapi@20.3.0:
    resolution: {integrity: sha512-zvPSRvaQyF3S6Nev9aiAzko2/hIFZmNSJNcs07qdVaVAvj8dGJSV4fVUuQSnufYJAGiSau+U5LxMLhx79se5WA==, registry: https://registry.npm.taobao.org/, tarball: https://registry.npmmirror.com/@hapi/hapi/-/hapi-20.3.0.tgz}
    name: '@hapi/hapi'
    version: 20.3.0
    engines: {node: '>=12.0.0'}
    dependencies:
      '@hapi/accept': registry.npmmirror.com/@hapi/accept@5.0.2
      '@hapi/ammo': registry.npmmirror.com/@hapi/ammo@5.0.1
      '@hapi/boom': registry.npmmirror.com/@hapi/boom@9.1.4
      '@hapi/bounce': registry.npmmirror.com/@hapi/bounce@2.0.0
      '@hapi/call': registry.npmmirror.com/@hapi/call@8.0.1
      '@hapi/catbox': registry.npmmirror.com/@hapi/catbox@11.1.1
      '@hapi/catbox-memory': registry.npmmirror.com/@hapi/catbox-memory@5.0.1
      '@hapi/heavy': registry.npmmirror.com/@hapi/heavy@7.0.1
      '@hapi/hoek': registry.npmmirror.com/@hapi/hoek@9.3.0
      '@hapi/mimos': registry.npmmirror.com/@hapi/mimos@6.0.0
      '@hapi/podium': registry.npmmirror.com/@hapi/podium@4.1.3
      '@hapi/shot': registry.npmmirror.com/@hapi/shot@5.0.5
      '@hapi/somever': registry.npmmirror.com/@hapi/somever@3.0.1
      '@hapi/statehood': registry.npmmirror.com/@hapi/statehood@7.0.4
      '@hapi/subtext': registry.npmmirror.com/@hapi/subtext@7.1.0
      '@hapi/teamwork': registry.npmmirror.com/@hapi/teamwork@5.1.1
      '@hapi/topo': registry.npmmirror.com/@hapi/topo@5.1.0
      '@hapi/validate': registry.npmmirror.com/@hapi/validate@1.1.3
    dev: false

  registry.npmmirror.com/@hapi/heavy@7.0.1:
    resolution: {integrity: sha512-vJ/vzRQ13MtRzz6Qd4zRHWS3FaUc/5uivV2TIuExGTM9Qk+7Zzqj0e2G7EpE6KztO9SalTbiIkTh7qFKj/33cA==, registry: https://registry.npm.taobao.org/, tarball: https://registry.npmmirror.com/@hapi/heavy/-/heavy-7.0.1.tgz}
    name: '@hapi/heavy'
    version: 7.0.1
    dependencies:
      '@hapi/boom': registry.npmmirror.com/@hapi/boom@9.1.4
      '@hapi/hoek': registry.npmmirror.com/@hapi/hoek@9.3.0
      '@hapi/validate': registry.npmmirror.com/@hapi/validate@1.1.3
    dev: false

  registry.npmmirror.com/@hapi/hoek@11.0.2:
    resolution: {integrity: sha512-aKmlCO57XFZ26wso4rJsW4oTUnrgTFw2jh3io7CAtO9w4UltBNwRXvXIVzzyfkaaLRo3nluP/19msA8vDUUuKw==, registry: https://registry.npm.taobao.org/, tarball: https://registry.npmmirror.com/@hapi/hoek/-/hoek-11.0.2.tgz}
    name: '@hapi/hoek'
    version: 11.0.2
    dev: false

  registry.npmmirror.com/@hapi/hoek@9.3.0:
    resolution: {integrity: sha512-/c6rf4UJlmHlC9b5BaNvzAcFv7HZ2QHaV0D4/HNlBdvFnvQq8RI4kYdhyPCl7Xj+oWvTWQ8ujhqS53LIgAe6KQ==, registry: https://registry.npm.taobao.org/, tarball: https://registry.npmmirror.com/@hapi/hoek/-/hoek-9.3.0.tgz}
    name: '@hapi/hoek'
    version: 9.3.0
    dev: false

  registry.npmmirror.com/@hapi/inert@7.1.0:
    resolution: {integrity: sha512-5X+cl/Ozm0U9uPGGX1dSKhnhTQIf161bH/kkTN9OBVAZKFG+nrj8j/NMj6S1zBBZWmQrkVRNPfCUGrXzB4fCFQ==, registry: https://registry.npm.taobao.org/, tarball: https://registry.npmmirror.com/@hapi/inert/-/inert-7.1.0.tgz}
    name: '@hapi/inert'
    version: 7.1.0
    dependencies:
      '@hapi/ammo': registry.npmmirror.com/@hapi/ammo@6.0.1
      '@hapi/boom': registry.npmmirror.com/@hapi/boom@10.0.1
      '@hapi/bounce': registry.npmmirror.com/@hapi/bounce@3.0.1
      '@hapi/hoek': registry.npmmirror.com/@hapi/hoek@11.0.2
      '@hapi/validate': registry.npmmirror.com/@hapi/validate@2.0.1
      lru-cache: registry.npmmirror.com/lru-cache@7.18.3
    dev: false

  registry.npmmirror.com/@hapi/iron@6.0.0:
    resolution: {integrity: sha512-zvGvWDufiTGpTJPG1Y/McN8UqWBu0k/xs/7l++HVU535NLHXsHhy54cfEMdW7EjwKfbBfM9Xy25FmTiobb7Hvw==, registry: https://registry.npm.taobao.org/, tarball: https://registry.npmmirror.com/@hapi/iron/-/iron-6.0.0.tgz}
    name: '@hapi/iron'
    version: 6.0.0
    dependencies:
      '@hapi/b64': registry.npmmirror.com/@hapi/b64@5.0.0
      '@hapi/boom': registry.npmmirror.com/@hapi/boom@9.1.4
      '@hapi/bourne': registry.npmmirror.com/@hapi/bourne@2.1.0
      '@hapi/cryptiles': registry.npmmirror.com/@hapi/cryptiles@5.1.0
      '@hapi/hoek': registry.npmmirror.com/@hapi/hoek@9.3.0
    dev: false

  registry.npmmirror.com/@hapi/mimos@6.0.0:
    resolution: {integrity: sha512-Op/67tr1I+JafN3R3XN5DucVSxKRT/Tc+tUszDwENoNpolxeXkhrJ2Czt6B6AAqrespHoivhgZBWYSuANN9QXg==, registry: https://registry.npm.taobao.org/, tarball: https://registry.npmmirror.com/@hapi/mimos/-/mimos-6.0.0.tgz}
    name: '@hapi/mimos'
    version: 6.0.0
    dependencies:
      '@hapi/hoek': registry.npmmirror.com/@hapi/hoek@9.3.0
      mime-db: registry.npmmirror.com/mime-db@1.52.0
    dev: false

  registry.npmmirror.com/@hapi/nigel@4.0.2:
    resolution: {integrity: sha512-ht2KoEsDW22BxQOEkLEJaqfpoKPXxi7tvabXy7B/77eFtOyG5ZEstfZwxHQcqAiZhp58Ae5vkhEqI03kawkYNw==, registry: https://registry.npm.taobao.org/, tarball: https://registry.npmmirror.com/@hapi/nigel/-/nigel-4.0.2.tgz}
    name: '@hapi/nigel'
    version: 4.0.2
    engines: {node: '>=12.0.0'}
    dependencies:
      '@hapi/hoek': registry.npmmirror.com/@hapi/hoek@9.3.0
      '@hapi/vise': registry.npmmirror.com/@hapi/vise@4.0.0
    dev: false

  registry.npmmirror.com/@hapi/pez@5.1.0:
    resolution: {integrity: sha512-YfB0btnkLB3lb6Ry/1KifnMPBm5ZPfaAHWFskzOMAgDgXgcBgA+zjpIynyEiBfWEz22DBT8o1e2tAaBdlt8zbw==, registry: https://registry.npm.taobao.org/, tarball: https://registry.npmmirror.com/@hapi/pez/-/pez-5.1.0.tgz}
    name: '@hapi/pez'
    version: 5.1.0
    dependencies:
      '@hapi/b64': registry.npmmirror.com/@hapi/b64@5.0.0
      '@hapi/boom': registry.npmmirror.com/@hapi/boom@9.1.4
      '@hapi/content': registry.npmmirror.com/@hapi/content@5.0.2
      '@hapi/hoek': registry.npmmirror.com/@hapi/hoek@9.3.0
      '@hapi/nigel': registry.npmmirror.com/@hapi/nigel@4.0.2
    dev: false

  registry.npmmirror.com/@hapi/podium@4.1.3:
    resolution: {integrity: sha512-ljsKGQzLkFqnQxE7qeanvgGj4dejnciErYd30dbrYzUOF/FyS/DOF97qcrT3bhoVwCYmxa6PEMhxfCPlnUcD2g==, registry: https://registry.npm.taobao.org/, tarball: https://registry.npmmirror.com/@hapi/podium/-/podium-4.1.3.tgz}
    name: '@hapi/podium'
    version: 4.1.3
    dependencies:
      '@hapi/hoek': registry.npmmirror.com/@hapi/hoek@9.3.0
      '@hapi/teamwork': registry.npmmirror.com/@hapi/teamwork@5.1.1
      '@hapi/validate': registry.npmmirror.com/@hapi/validate@1.1.3
    dev: false

  registry.npmmirror.com/@hapi/shot@5.0.5:
    resolution: {integrity: sha512-x5AMSZ5+j+Paa8KdfCoKh+klB78otxF+vcJR/IoN91Vo2e5ulXIW6HUsFTCU+4W6P/Etaip9nmdAx2zWDimB2A==, registry: https://registry.npm.taobao.org/, tarball: https://registry.npmmirror.com/@hapi/shot/-/shot-5.0.5.tgz}
    name: '@hapi/shot'
    version: 5.0.5
    dependencies:
      '@hapi/hoek': registry.npmmirror.com/@hapi/hoek@9.3.0
      '@hapi/validate': registry.npmmirror.com/@hapi/validate@1.1.3
    dev: false

  registry.npmmirror.com/@hapi/somever@3.0.1:
    resolution: {integrity: sha512-4ZTSN3YAHtgpY/M4GOtHUXgi6uZtG9nEZfNI6QrArhK0XN/RDVgijlb9kOmXwCR5VclDSkBul9FBvhSuKXx9+w==, registry: https://registry.npm.taobao.org/, tarball: https://registry.npmmirror.com/@hapi/somever/-/somever-3.0.1.tgz}
    name: '@hapi/somever'
    version: 3.0.1
    dependencies:
      '@hapi/bounce': registry.npmmirror.com/@hapi/bounce@2.0.0
      '@hapi/hoek': registry.npmmirror.com/@hapi/hoek@9.3.0
    dev: false

  registry.npmmirror.com/@hapi/statehood@7.0.4:
    resolution: {integrity: sha512-Fia6atroOVmc5+2bNOxF6Zv9vpbNAjEXNcUbWXavDqhnJDlchwUUwKS5LCi5mGtCTxRhUKKHwuxuBZJkmLZ7fw==, registry: https://registry.npm.taobao.org/, tarball: https://registry.npmmirror.com/@hapi/statehood/-/statehood-7.0.4.tgz}
    name: '@hapi/statehood'
    version: 7.0.4
    dependencies:
      '@hapi/boom': registry.npmmirror.com/@hapi/boom@9.1.4
      '@hapi/bounce': registry.npmmirror.com/@hapi/bounce@2.0.0
      '@hapi/bourne': registry.npmmirror.com/@hapi/bourne@2.1.0
      '@hapi/cryptiles': registry.npmmirror.com/@hapi/cryptiles@5.1.0
      '@hapi/hoek': registry.npmmirror.com/@hapi/hoek@9.3.0
      '@hapi/iron': registry.npmmirror.com/@hapi/iron@6.0.0
      '@hapi/validate': registry.npmmirror.com/@hapi/validate@1.1.3
    dev: false

  registry.npmmirror.com/@hapi/subtext@7.1.0:
    resolution: {integrity: sha512-n94cU6hlvsNRIpXaROzBNEJGwxC+HA69q769pChzej84On8vsU14guHDub7Pphr/pqn5b93zV3IkMPDU5AUiXA==, registry: https://registry.npm.taobao.org/, tarball: https://registry.npmmirror.com/@hapi/subtext/-/subtext-7.1.0.tgz}
    name: '@hapi/subtext'
    version: 7.1.0
    dependencies:
      '@hapi/boom': registry.npmmirror.com/@hapi/boom@9.1.4
      '@hapi/bourne': registry.npmmirror.com/@hapi/bourne@2.1.0
      '@hapi/content': registry.npmmirror.com/@hapi/content@5.0.2
      '@hapi/file': registry.npmmirror.com/@hapi/file@2.0.0
      '@hapi/hoek': registry.npmmirror.com/@hapi/hoek@9.3.0
      '@hapi/pez': registry.npmmirror.com/@hapi/pez@5.1.0
      '@hapi/wreck': registry.npmmirror.com/@hapi/wreck@17.2.0
    dev: false

  registry.npmmirror.com/@hapi/teamwork@5.1.1:
    resolution: {integrity: sha512-1oPx9AE5TIv+V6Ih54RP9lTZBso3rP8j4Xhb6iSVwPXtAM+sDopl5TFMv5Paw73UnpZJ9gjcrTE1BXrWt9eQrg==, registry: https://registry.npm.taobao.org/, tarball: https://registry.npmmirror.com/@hapi/teamwork/-/teamwork-5.1.1.tgz}
    name: '@hapi/teamwork'
    version: 5.1.1
    engines: {node: '>=12.0.0'}
    dev: false

  registry.npmmirror.com/@hapi/topo@5.1.0:
    resolution: {integrity: sha512-foQZKJig7Ob0BMAYBfcJk8d77QtOe7Wo4ox7ff1lQYoNNAb6jwcY1ncdoy2e9wQZzvNy7ODZCYJkK8kzmcAnAg==, registry: https://registry.npm.taobao.org/, tarball: https://registry.npmmirror.com/@hapi/topo/-/topo-5.1.0.tgz}
    name: '@hapi/topo'
    version: 5.1.0
    dependencies:
      '@hapi/hoek': registry.npmmirror.com/@hapi/hoek@9.3.0
    dev: false

  registry.npmmirror.com/@hapi/topo@6.0.2:
    resolution: {integrity: sha512-KR3rD5inZbGMrHmgPxsJ9dbi6zEK+C3ZwUwTa+eMwWLz7oijWUTWD2pMSNNYJAU6Qq+65NkxXjqHr/7LM2Xkqg==, registry: https://registry.npm.taobao.org/, tarball: https://registry.npmmirror.com/@hapi/topo/-/topo-6.0.2.tgz}
    name: '@hapi/topo'
    version: 6.0.2
    dependencies:
      '@hapi/hoek': registry.npmmirror.com/@hapi/hoek@11.0.2
    dev: false

  registry.npmmirror.com/@hapi/validate@1.1.3:
    resolution: {integrity: sha512-/XMR0N0wjw0Twzq2pQOzPBZlDzkekGcoCtzO314BpIEsbXdYGthQUbxgkGDf4nhk1+IPDAsXqWjMohRQYO06UA==, registry: https://registry.npm.taobao.org/, tarball: https://registry.npmmirror.com/@hapi/validate/-/validate-1.1.3.tgz}
    name: '@hapi/validate'
    version: 1.1.3
    dependencies:
      '@hapi/hoek': registry.npmmirror.com/@hapi/hoek@9.3.0
      '@hapi/topo': registry.npmmirror.com/@hapi/topo@5.1.0
    dev: false

  registry.npmmirror.com/@hapi/validate@2.0.1:
    resolution: {integrity: sha512-NZmXRnrSLK8MQ9y/CMqE9WSspgB9xA41/LlYR0k967aSZebWr4yNrpxIbov12ICwKy4APSlWXZga9jN5p6puPA==, registry: https://registry.npm.taobao.org/, tarball: https://registry.npmmirror.com/@hapi/validate/-/validate-2.0.1.tgz}
    name: '@hapi/validate'
    version: 2.0.1
    dependencies:
      '@hapi/hoek': registry.npmmirror.com/@hapi/hoek@11.0.2
      '@hapi/topo': registry.npmmirror.com/@hapi/topo@6.0.2
    dev: false

  registry.npmmirror.com/@hapi/vise@4.0.0:
    resolution: {integrity: sha512-eYyLkuUiFZTer59h+SGy7hUm+qE9p+UemePTHLlIWppEd+wExn3Df5jO04bFQTm7nleF5V8CtuYQYb+VFpZ6Sg==, registry: https://registry.npm.taobao.org/, tarball: https://registry.npmmirror.com/@hapi/vise/-/vise-4.0.0.tgz}
    name: '@hapi/vise'
    version: 4.0.0
    dependencies:
      '@hapi/hoek': registry.npmmirror.com/@hapi/hoek@9.3.0
    dev: false

  registry.npmmirror.com/@hapi/wreck@17.2.0:
    resolution: {integrity: sha512-pJ5kjYoRPYDv+eIuiLQqhGon341fr2bNIYZjuotuPJG/3Ilzr/XtI+JAp0A86E2bYfsS3zBPABuS2ICkaXFT8g==, registry: https://registry.npm.taobao.org/, tarball: https://registry.npmmirror.com/@hapi/wreck/-/wreck-17.2.0.tgz}
    name: '@hapi/wreck'
    version: 17.2.0
    dependencies:
      '@hapi/boom': registry.npmmirror.com/@hapi/boom@9.1.4
      '@hapi/bourne': registry.npmmirror.com/@hapi/bourne@2.1.0
      '@hapi/hoek': registry.npmmirror.com/@hapi/hoek@9.3.0
    dev: false

  registry.npmmirror.com/@hapi/wreck@18.0.1:
    resolution: {integrity: sha512-OLHER70+rZxvDl75xq3xXOfd3e8XIvz8fWY0dqg92UvhZ29zo24vQgfqgHSYhB5ZiuFpSLeriOisAlxAo/1jWg==, registry: https://registry.npm.taobao.org/, tarball: https://registry.npmmirror.com/@hapi/wreck/-/wreck-18.0.1.tgz}
    name: '@hapi/wreck'
    version: 18.0.1
    dependencies:
      '@hapi/boom': registry.npmmirror.com/@hapi/boom@10.0.1
      '@hapi/bourne': registry.npmmirror.com/@hapi/bourne@3.0.0
      '@hapi/hoek': registry.npmmirror.com/@hapi/hoek@11.0.2
    dev: false

  registry.npmmirror.com/boolbase@1.0.0:
    resolution: {integrity: sha512-JZOSA7Mo9sNGB8+UjSgzdLtokWAky1zbztM3WRLCbZ70/3cTANmQmOdR7y2g+J0e2WXywy1yS468tY+IruqEww==, registry: https://registry.npm.taobao.org/, tarball: https://registry.npmmirror.com/boolbase/-/boolbase-1.0.0.tgz}
    name: boolbase
    version: 1.0.0
    dev: false

  registry.npmmirror.com/cheerio-select@2.1.0:
    resolution: {integrity: sha512-9v9kG0LvzrlcungtnJtpGNxY+fzECQKhK4EGJX2vByejiMX84MFNQw4UxPJl3bFbTMw+Dfs37XaIkCwTZfLh4g==, registry: https://registry.npm.taobao.org/, tarball: https://registry.npmmirror.com/cheerio-select/-/cheerio-select-2.1.0.tgz}
    name: cheerio-select
    version: 2.1.0
    dependencies:
      boolbase: registry.npmmirror.com/boolbase@1.0.0
      css-select: registry.npmmirror.com/css-select@5.1.0
      css-what: registry.npmmirror.com/css-what@6.1.0
      domelementtype: registry.npmmirror.com/domelementtype@2.3.0
      domhandler: registry.npmmirror.com/domhandler@5.0.3
      domutils: registry.npmmirror.com/domutils@3.1.0
    dev: false

  registry.npmmirror.com/cheerio@1.0.0-rc.12:
    resolution: {integrity: sha512-VqR8m68vM46BNnuZ5NtnGBKIE/DfN0cRIzg9n40EIq9NOv90ayxLBXA8fXC5gquFRGJSTRqBq25Jt2ECLR431Q==, registry: https://registry.npm.taobao.org/, tarball: https://registry.npmmirror.com/cheerio/-/cheerio-1.0.0-rc.12.tgz}
    name: cheerio
    version: 1.0.0-rc.12
    engines: {node: '>= 6'}
    dependencies:
      cheerio-select: registry.npmmirror.com/cheerio-select@2.1.0
      dom-serializer: registry.npmmirror.com/dom-serializer@2.0.0
      domhandler: registry.npmmirror.com/domhandler@5.0.3
      domutils: registry.npmmirror.com/domutils@3.1.0
      htmlparser2: registry.npmmirror.com/htmlparser2@8.0.2
      parse5: registry.npmmirror.com/parse5@7.1.2
      parse5-htmlparser2-tree-adapter: registry.npmmirror.com/parse5-htmlparser2-tree-adapter@7.0.0
    dev: false

  registry.npmmirror.com/commander@8.3.0:
    resolution: {integrity: sha512-OkTL9umf+He2DZkUq8f8J9of7yL6RJKI24dVITBmNfZBmri9zYZQrKkuXiKhyfPSu8tUhnVBB1iKXevvnlR4Ww==, registry: https://registry.npm.taobao.org/, tarball: https://registry.npmmirror.com/commander/-/commander-8.3.0.tgz}
    name: commander
    version: 8.3.0
    engines: {node: '>= 12'}
    dev: false

  registry.npmmirror.com/css-select@5.1.0:
    resolution: {integrity: sha512-nwoRF1rvRRnnCqqY7updORDsuqKzqYJ28+oSMaJMMgOauh3fvwHqMS7EZpIPqK8GL+g9mKxF1vP/ZjSeNjEVHg==, registry: https://registry.npm.taobao.org/, tarball: https://registry.npmmirror.com/css-select/-/css-select-5.1.0.tgz}
    name: css-select
    version: 5.1.0
    dependencies:
      boolbase: registry.npmmirror.com/boolbase@1.0.0
      css-what: registry.npmmirror.com/css-what@6.1.0
      domhandler: registry.npmmirror.com/domhandler@5.0.3
      domutils: registry.npmmirror.com/domutils@3.1.0
      nth-check: registry.npmmirror.com/nth-check@2.1.1
    dev: false

  registry.npmmirror.com/css-what@6.1.0:
    resolution: {integrity: sha512-HTUrgRJ7r4dsZKU6GjmpfRK1O76h97Z8MfS1G0FozR+oF2kG6Vfe8JE6zwrkbxigziPHinCJ+gCPjA9EaBDtRw==, registry: https://registry.npm.taobao.org/, tarball: https://registry.npmmirror.com/css-what/-/css-what-6.1.0.tgz}
    name: css-what
    version: 6.1.0
    engines: {node: '>= 6'}
    dev: false

  registry.npmmirror.com/dom-serializer@2.0.0:
    resolution: {integrity: sha512-wIkAryiqt/nV5EQKqQpo3SToSOV9J0DnbJqwK7Wv/Trc92zIAYZ4FlMu+JPFW1DfGFt81ZTCGgDEabffXeLyJg==, registry: https://registry.npm.taobao.org/, tarball: https://registry.npmmirror.com/dom-serializer/-/dom-serializer-2.0.0.tgz}
    name: dom-serializer
    version: 2.0.0
    dependencies:
      domelementtype: registry.npmmirror.com/domelementtype@2.3.0
      domhandler: registry.npmmirror.com/domhandler@5.0.3
      entities: registry.npmmirror.com/entities@4.5.0
    dev: false

  registry.npmmirror.com/domelementtype@2.3.0:
    resolution: {integrity: sha512-OLETBj6w0OsagBwdXnPdN0cnMfF9opN69co+7ZrbfPGrdpPVNBUj02spi6B1N7wChLQiPn4CSH/zJvXw56gmHw==, registry: https://registry.npm.taobao.org/, tarball: https://registry.npmmirror.com/domelementtype/-/domelementtype-2.3.0.tgz}
    name: domelementtype
    version: 2.3.0
    dev: false

  registry.npmmirror.com/domhandler@5.0.3:
    resolution: {integrity: sha512-cgwlv/1iFQiFnU96XXgROh8xTeetsnJiDsTc7TYCLFd9+/WNkIqPTxiM/8pSd8VIrhXGTf1Ny1q1hquVqDJB5w==, registry: https://registry.npm.taobao.org/, tarball: https://registry.npmmirror.com/domhandler/-/domhandler-5.0.3.tgz}
    name: domhandler
    version: 5.0.3
    engines: {node: '>= 4'}
    dependencies:
      domelementtype: registry.npmmirror.com/domelementtype@2.3.0
    dev: false

  registry.npmmirror.com/domutils@3.1.0:
    resolution: {integrity: sha512-H78uMmQtI2AhgDJjWeQmHwJJ2bLPD3GMmO7Zja/ZZh84wkm+4ut+IUnUdRa8uCGX88DiVx1j6FRe1XfxEgjEZA==, registry: https://registry.npm.taobao.org/, tarball: https://registry.npmmirror.com/domutils/-/domutils-3.1.0.tgz}
    name: domutils
    version: 3.1.0
    dependencies:
      dom-serializer: registry.npmmirror.com/dom-serializer@2.0.0
      domelementtype: registry.npmmirror.com/domelementtype@2.3.0
      domhandler: registry.npmmirror.com/domhandler@5.0.3
    dev: false

  registry.npmmirror.com/entities@4.5.0:
    resolution: {integrity: sha512-V0hjH4dGPh9Ao5p0MoRY6BVqtwCjhz6vI5LT8AJ55H+4g9/4vbHx1I54fS0XuclLhDHArPQCiMjDxjaL8fPxhw==, registry: https://registry.npm.taobao.org/, tarball: https://registry.npmmirror.com/entities/-/entities-4.5.0.tgz}
    name: entities
    version: 4.5.0
    engines: {node: '>=0.12'}
    dev: false

  registry.npmmirror.com/highlight.js@11.8.0:
    resolution: {integrity: sha512-MedQhoqVdr0U6SSnWPzfiadUcDHfN/Wzq25AkXiQv9oiOO/sG0S7XkvpFIqWBl9Yq1UYyYOOVORs5UW2XlPyzg==, registry: https://registry.npm.taobao.org/, tarball: https://registry.npmmirror.com/highlight.js/-/highlight.js-11.8.0.tgz}
    name: highlight.js
    version: 11.8.0
    engines: {node: '>=12.0.0'}
    dev: false

  registry.npmmirror.com/htmlparser2@8.0.2:
    resolution: {integrity: sha512-GYdjWKDkbRLkZ5geuHs5NY1puJ+PXwP7+fHPRz06Eirsb9ugf6d8kkXav6ADhcODhFFPMIXyxkxSuMf3D6NCFA==, registry: https://registry.npm.taobao.org/, tarball: https://registry.npmmirror.com/htmlparser2/-/htmlparser2-8.0.2.tgz}
    name: htmlparser2
    version: 8.0.2
    dependencies:
      domelementtype: registry.npmmirror.com/domelementtype@2.3.0
      domhandler: registry.npmmirror.com/domhandler@5.0.3
      domutils: registry.npmmirror.com/domutils@3.1.0
      entities: registry.npmmirror.com/entities@4.5.0
    dev: false

  registry.npmmirror.com/katex@0.16.8:
    resolution: {integrity: sha512-ftuDnJbcbOckGY11OO+zg3OofESlbR5DRl2cmN8HeWeeFIV7wTXvAOx8kEjZjobhA+9wh2fbKeO6cdcA9Mnovg==, registry: https://registry.npm.taobao.org/, tarball: https://registry.npmmirror.com/katex/-/katex-0.16.8.tgz}
    name: katex
    version: 0.16.8
    hasBin: true
    dependencies:
      commander: registry.npmmirror.com/commander@8.3.0
    dev: false

  registry.npmmirror.com/lru-cache@7.18.3:
    resolution: {integrity: sha512-jumlc0BIUrS3qJGgIkWZsyfAM7NCWiBcCDhnd+3NNM5KbBmLTgHVfWBcg6W+rLUsIpzpERPsvwUP7CckAQSOoA==, registry: https://registry.npm.taobao.org/, tarball: https://registry.npmmirror.com/lru-cache/-/lru-cache-7.18.3.tgz}
    name: lru-cache
    version: 7.18.3
    engines: {node: '>=12'}
    dev: false

  registry.npmmirror.com/marked@4.3.0:
    resolution: {integrity: sha512-PRsaiG84bK+AMvxziE/lCFss8juXjNaWzVbN5tXAm4XjeaS9NAHhop+PjQxz2A9h8Q4M/xGmzP8vqNwy6JeK0A==, registry: https://registry.npm.taobao.org/, tarball: https://registry.npmmirror.com/marked/-/marked-4.3.0.tgz}
    name: marked
    version: 4.3.0
    engines: {node: '>= 12'}
    hasBin: true
    dev: false

  registry.npmmirror.com/mime-db@1.52.0:
    resolution: {integrity: sha512-sPU4uV7dYlvtWJxwwxHD0PuihVNiE7TyAbQ5SWxDCB9mUYvOgroQOwYQQOKPJ8CIbE+1ETVlOoK1UC2nU3gYvg==, registry: https://registry.npm.taobao.org/, tarball: https://registry.npmmirror.com/mime-db/-/mime-db-1.52.0.tgz}
    name: mime-db
    version: 1.52.0
    engines: {node: '>= 0.6'}
    dev: false

  registry.npmmirror.com/mime-types@2.1.35:
    resolution: {integrity: sha512-ZDY+bPm5zTTF+YpCrAU9nK0UgICYPT0QtT1NZWFv4s++TNkcgVaT0g6+4R2uI4MjQjzysHB1zxuWL50hzaeXiw==, registry: https://registry.npm.taobao.org/, tarball: https://registry.npmmirror.com/mime-types/-/mime-types-2.1.35.tgz}
    name: mime-types
    version: 2.1.35
    engines: {node: '>= 0.6'}
    dependencies:
      mime-db: registry.npmmirror.com/mime-db@1.52.0
    dev: false

  registry.npmmirror.com/nth-check@2.1.1:
    resolution: {integrity: sha512-lqjrjmaOoAnWfMmBPL+XNnynZh2+swxiX3WUE0s4yEHI6m+AwrK2UZOimIRl3X/4QctVqS8AiZjFqyOGrMXb/w==, registry: https://registry.npm.taobao.org/, tarball: https://registry.npmmirror.com/nth-check/-/nth-check-2.1.1.tgz}
    name: nth-check
    version: 2.1.1
    dependencies:
      boolbase: registry.npmmirror.com/boolbase@1.0.0
    dev: false

  registry.npmmirror.com/parse5-htmlparser2-tree-adapter@7.0.0:
    resolution: {integrity: sha512-B77tOZrqqfUfnVcOrUvfdLbz4pu4RopLD/4vmu3HUPswwTA8OH0EMW9BlWR2B0RCoiZRAHEUu7IxeP1Pd1UU+g==, registry: https://registry.npm.taobao.org/, tarball: https://registry.npmmirror.com/parse5-htmlparser2-tree-adapter/-/parse5-htmlparser2-tree-adapter-7.0.0.tgz}
    name: parse5-htmlparser2-tree-adapter
    version: 7.0.0
    dependencies:
      domhandler: registry.npmmirror.com/domhandler@5.0.3
      parse5: registry.npmmirror.com/parse5@7.1.2
    dev: false

  registry.npmmirror.com/parse5@7.1.2:
    resolution: {integrity: sha512-Czj1WaSVpaoj0wbhMzLmWD69anp2WH7FXMB9n1Sy8/ZFF9jolSQVMu1Ij5WIyGmcBmhk7EOndpO4mIpihVqAXw==, registry: https://registry.npm.taobao.org/, tarball: https://registry.npmmirror.com/parse5/-/parse5-7.1.2.tgz}
    name: parse5
    version: 7.1.2
    dependencies:
      entities: registry.npmmirror.com/entities@4.5.0
    dev: false

  registry.npmmirror.com/plantuml-encoder@1.4.0:
    resolution: {integrity: sha512-sxMwpDw/ySY1WB2CE3+IdMuEcWibJ72DDOsXLkSmEaSzwEUaYBT6DWgOfBiHGCux4q433X6+OEFWjlVqp7gL6g==, registry: https://registry.npm.taobao.org/, tarball: https://registry.npmmirror.com/plantuml-encoder/-/plantuml-encoder-1.4.0.tgz}
    name: plantuml-encoder
    version: 1.4.0
    dev: false
